
Microsoft Visual Studio Solution File, Format Version 12.00
# Visual Studio Version 17
VisualStudioVersion = 17.2.32630.192
MinimumVisualStudioVersion = 10.0.40219.1
Project("{2150E333-8FDC-42A3-9474-1A3956D46DE8}") = "src", "src", "{CE78FB95-69CF-4CB7-B95A-910B0E3AAD1D}"
EndProject
Project("{2150E333-8FDC-42A3-9474-1A3956D46DE8}") = "Core", "Core", "{5FBA9835-6EFB-4D88-9798-478339910A4B}"
EndProject
Project("{2150E333-8FDC-42A3-9474-1A3956D46DE8}") = "Infrastructure", "Infrastructure", "{411B0198-5BF5-4757-82A0-627B384457AD}"
EndProject
Project("{2150E333-8FDC-42A3-9474-1A3956D46DE8}") = "Presentation", "Presentation", "{AE7421E3-E1EA-45F9-B713-918D415BB78E}"
EndProject
Project("{9A19103F-16F7-4668-BE54-9A1E7A4F7556}") = "Application", "Application\Application.csproj", "{35CBA264-C763-4482-A775-E5AA1D89A37D}"
EndProject
Project("{9A19103F-16F7-4668-BE54-9A1E7A4F7556}") = "Domain", "Domain\Domain.csproj", "{D4556DF3-6D20-4634-B14D-B9F6A753585E}"
EndProject
Project("{9A19103F-16F7-4668-BE54-9A1E7A4F7556}") = "Persistence", "Persistence\Persistence.csproj", "{57269CC1-6C13-47FC-8716-177EC8B73944}"
EndProject
Project("{9A19103F-16F7-4668-BE54-9A1E7A4F7556}") = "Shared", "Shared\Shared.csproj", "{60E9FE17-D978-4826-B736-40BB17CC603F}"
EndProject
Project("{9A19103F-16F7-4668-BE54-9A1E7A4F7556}") = "WebAPI", "WebAPI\WebAPI.csproj", "{8A250E70-7FAD-4F71-BC70-45F37061FC14}"
EndProject
Project("{2150E333-8FDC-42A3-9474-1A3956D46DE8}") = "Tests", "Tests", "{9CA63C49-A12E-4C7E-A7BF-E91B17B4A4B5}"
EndProject
Project("{9A19103F-16F7-4668-BE54-9A1E7A4F7556}") = "Core.Tests", "Core.Tests\Core.Tests.csproj", "{E73C29C7-A59A-42F9-A898-B5F1EEBC2559}"
EndProject
Project("{54A90642-561A-4BB1-A94E-469ADEE60C69}") = "WebApp", "WebApp\WebApp.esproj", "{DAB8E3D5-77C7-43AD-8A2D-F605D7189BC1}"
EndProject
Project("{9A19103F-16F7-4668-BE54-9A1E7A4F7556}") = "HistoricoEvidenciasApp", "EvidenciasApp\HistoricoEvidenciasApp.csproj", "{7B6C09FD-DFA4-4A47-A1DA-99A3E94E02AF}"
EndProject
Global
	GlobalSection(SolutionConfigurationPlatforms) = preSolution
		Debug|Any CPU = Debug|Any CPU
		Release|Any CPU = Release|Any CPU
	EndGlobalSection
	GlobalSection(ProjectConfigurationPlatforms) = postSolution
		{35CBA264-C763-4482-A775-E5AA1D89A37D}.Debug|Any CPU.ActiveCfg = Debug|Any CPU
		{35CBA264-C763-4482-A775-E5AA1D89A37D}.Debug|Any CPU.Build.0 = Debug|Any CPU
		{35CBA264-C763-4482-A775-E5AA1D89A37D}.Release|Any CPU.ActiveCfg = Release|Any CPU
		{35CBA264-C763-4482-A775-E5AA1D89A37D}.Release|Any CPU.Build.0 = Release|Any CPU
		{D4556DF3-6D20-4634-B14D-B9F6A753585E}.Debug|Any CPU.ActiveCfg = Debug|Any CPU
		{D4556DF3-6D20-4634-B14D-B9F6A753585E}.Debug|Any CPU.Build.0 = Debug|Any CPU
		{D4556DF3-6D20-4634-B14D-B9F6A753585E}.Release|Any CPU.ActiveCfg = Release|Any CPU
		{D4556DF3-6D20-4634-B14D-B9F6A753585E}.Release|Any CPU.Build.0 = Release|Any CPU
		{57269CC1-6C13-47FC-8716-177EC8B73944}.Debug|Any CPU.ActiveCfg = Debug|Any CPU
		{57269CC1-6C13-47FC-8716-177EC8B73944}.Debug|Any CPU.Build.0 = Debug|Any CPU
		{57269CC1-6C13-47FC-8716-177EC8B73944}.Release|Any CPU.ActiveCfg = Release|Any CPU
		{57269CC1-6C13-47FC-8716-177EC8B73944}.Release|Any CPU.Build.0 = Release|Any CPU
		{60E9FE17-D978-4826-B736-40BB17CC603F}.Debug|Any CPU.ActiveCfg = Debug|Any CPU
		{60E9FE17-D978-4826-B736-40BB17CC603F}.Debug|Any CPU.Build.0 = Debug|Any CPU
		{60E9FE17-D978-4826-B736-40BB17CC603F}.Release|Any CPU.ActiveCfg = Release|Any CPU
		{60E9FE17-D978-4826-B736-40BB17CC603F}.Release|Any CPU.Build.0 = Release|Any CPU
		{8A250E70-7FAD-4F71-BC70-45F37061FC14}.Debug|Any CPU.ActiveCfg = Debug|Any CPU
		{8A250E70-7FAD-4F71-BC70-45F37061FC14}.Debug|Any CPU.Build.0 = Debug|Any CPU
		{8A250E70-7FAD-4F71-BC70-45F37061FC14}.Release|Any CPU.ActiveCfg = Release|Any CPU
		{8A250E70-7FAD-4F71-BC70-45F37061FC14}.Release|Any CPU.Build.0 = Release|Any CPU
		{E73C29C7-A59A-42F9-A898-B5F1EEBC2559}.Debug|Any CPU.ActiveCfg = Debug|Any CPU
		{E73C29C7-A59A-42F9-A898-B5F1EEBC2559}.Debug|Any CPU.Build.0 = Debug|Any CPU
		{E73C29C7-A59A-42F9-A898-B5F1EEBC2559}.Release|Any CPU.ActiveCfg = Release|Any CPU
		{E73C29C7-A59A-42F9-A898-B5F1EEBC2559}.Release|Any CPU.Build.0 = Release|Any CPU
		{DAB8E3D5-77C7-43AD-8A2D-F605D7189BC1}.Debug|Any CPU.ActiveCfg = Debug|Any CPU
		{DAB8E3D5-77C7-43AD-8A2D-F605D7189BC1}.Debug|Any CPU.Build.0 = Debug|Any CPU
		{DAB8E3D5-77C7-43AD-8A2D-F605D7189BC1}.Release|Any CPU.ActiveCfg = Release|Any CPU
		{DAB8E3D5-77C7-43AD-8A2D-F605D7189BC1}.Release|Any CPU.Build.0 = Release|Any CPU
		{DAB8E3D5-77C7-43AD-8A2D-F605D7189BC1}.Release|Any CPU.Deploy.0 = Release|Any CPU
		{7B6C09FD-DFA4-4A47-A1DA-99A3E94E02AF}.Debug|Any CPU.ActiveCfg = Debug|Any CPU
		{7B6C09FD-DFA4-4A47-A1DA-99A3E94E02AF}.Debug|Any CPU.Build.0 = Debug|Any CPU
		{7B6C09FD-DFA4-4A47-A1DA-99A3E94E02AF}.Release|Any CPU.ActiveCfg = Release|Any CPU
		{7B6C09FD-DFA4-4A47-A1DA-99A3E94E02AF}.Release|Any CPU.Build.0 = Release|Any CPU
	EndGlobalSection
	GlobalSection(SolutionProperties) = preSolution
		HideSolutionNode = FALSE
	EndGlobalSection
	GlobalSection(NestedProjects) = preSolution
		{5FBA9835-6EFB-4D88-9798-478339910A4B} = {CE78FB95-69CF-4CB7-B95A-910B0E3AAD1D}
		{411B0198-5BF5-4757-82A0-627B384457AD} = {CE78FB95-69CF-4CB7-B95A-910B0E3AAD1D}
		{AE7421E3-E1EA-45F9-B713-918D415BB78E} = {CE78FB95-69CF-4CB7-B95A-910B0E3AAD1D}
		{35CBA264-C763-4482-A775-E5AA1D89A37D} = {5FBA9835-6EFB-4D88-9798-478339910A4B}
		{D4556DF3-6D20-4634-B14D-B9F6A753585E} = {5FBA9835-6EFB-4D88-9798-478339910A4B}
		{57269CC1-6C13-47FC-8716-177EC8B73944} = {411B0198-5BF5-4757-82A0-627B384457AD}
		{60E9FE17-D978-4826-B736-40BB17CC603F} = {AE7421E3-E1EA-45F9-B713-918D415BB78E}
		{8A250E70-7FAD-4F71-BC70-45F37061FC14} = {AE7421E3-E1EA-45F9-B713-918D415BB78E}
		{E73C29C7-A59A-42F9-A898-B5F1EEBC2559} = {9CA63C49-A12E-4C7E-A7BF-E91B17B4A4B5}
		{DAB8E3D5-77C7-43AD-8A2D-F605D7189BC1} = {AE7421E3-E1EA-45F9-B713-918D415BB78E}
		{7B6C09FD-DFA4-4A47-A1DA-99A3E94E02AF} = {AE7421E3-E1EA-45F9-B713-918D415BB78E}
	EndGlobalSection
	GlobalSection(ExtensibilityGlobals) = postSolution
		SolutionGuid = {C8630F53-A1E1-4F2B-8759-455620E40B5E}
	EndGlobalSection
EndGlobal
